
Microsoft Visual Studio Solution File, Format Version 12.00
# Visual Studio Version 17
VisualStudioVersion = 17.6.33723.286
MinimumVisualStudioVersion = 10.0.40219.1
Project("{FAE04EC0-301F-11D3-BF4B-00C04F79EFBC}") = "E2240099-VAP-Activity-6", "E2240099-VAP-Activity-6\E2240099-VAP-Activity-6.csproj", "{7CF67BA4-4C16-4028-9A83-30676A3BB4D3}"
EndProject
Global
	GlobalSection(SolutionConfigurationPlatforms) = preSolution
		Debug|Any CPU = Debug|Any CPU
		Release|Any CPU = Release|Any CPU
	EndGlobalSection
	GlobalSection(ProjectConfigurationPlatforms) = postSolution
		{7CF67BA4-4C16-4028-9A83-30676A3BB4D3}.Debug|Any CPU.ActiveCfg = Debug|Any CPU
		{7CF67BA4-4C16-4028-9A83-30676A3BB4D3}.Debug|Any CPU.Build.0 = Debug|Any CPU
		{7CF67BA4-4C16-4028-9A83-30676A3BB4D3}.Release|Any CPU.ActiveCfg = Release|Any CPU
		{7CF67BA4-4C16-4028-9A83-30676A3BB4D3}.Release|Any CPU.Build.0 = Release|Any CPU
	EndGlobalSection
	GlobalSection(SolutionProperties) = preSolution
		HideSolutionNode = FALSE
	EndGlobalSection
	GlobalSection(ExtensibilityGlobals) = postSolution
		SolutionGuid = {A0EC22BE-1BB9-4610-B01D-2775FF4CD3F6}
	EndGlobalSection
EndGlobal
